
Microsoft Visual Studio Solution File, Format Version 12.00
# Visual Studio 15
VisualStudioVersion = 15.0.28307.136
MinimumVisualStudioVersion = 10.0.40219.1
Project("{FAE04EC0-301F-11D3-BF4B-00C04F79EFBC}") = "EntApp2", "EntApp2\EntApp2.csproj", "{A14CAC53-4860-44EE-967E-36D1DBEC9E85}"
EndProject
Global
	GlobalSection(SolutionConfigurationPlatforms) = preSolution
		Debug|Any CPU = Debug|Any CPU
		Release|Any CPU = Release|Any CPU
	EndGlobalSection
	GlobalSection(ProjectConfigurationPlatforms) = postSolution
		{A14CAC53-4860-44EE-967E-36D1DBEC9E85}.Debug|Any CPU.ActiveCfg = Debug|Any CPU
		{A14CAC53-4860-44EE-967E-36D1DBEC9E85}.Debug|Any CPU.Build.0 = Debug|Any CPU
		{A14CAC53-4860-44EE-967E-36D1DBEC9E85}.Release|Any CPU.ActiveCfg = Release|Any CPU
		{A14CAC53-4860-44EE-967E-36D1DBEC9E85}.Release|Any CPU.Build.0 = Release|Any CPU
	EndGlobalSection
	GlobalSection(SolutionProperties) = preSolution
		HideSolutionNode = FALSE
	EndGlobalSection
	GlobalSection(ExtensibilityGlobals) = postSolution
		SolutionGuid = {794FE500-76AB-41E0-9073-8247B2C95469}
	EndGlobalSection
EndGlobal
